
Microsoft Visual Studio Solution File, Format Version 12.00
# Visual Studio Version 17
VisualStudioVersion = 17.11.35327.3
MinimumVisualStudioVersion = 10.0.40219.1
Project("{FAE04EC0-301F-11D3-BF4B-00C04F79EFBC}") = "Intelliponics", "Intelliponics\Intelliponics.csproj", "{476E20C3-2A7B-4BB4-8AEB-A65BA090D8F2}"
EndProject
Global
	GlobalSection(SolutionConfigurationPlatforms) = preSolution
		Debug|Any CPU = Debug|Any CPU
		Release|Any CPU = Release|Any CPU
	EndGlobalSection
	GlobalSection(ProjectConfigurationPlatforms) = postSolution
		{476E20C3-2A7B-4BB4-8AEB-A65BA090D8F2}.Debug|Any CPU.ActiveCfg = Debug|Any CPU
		{476E20C3-2A7B-4BB4-8AEB-A65BA090D8F2}.Debug|Any CPU.Build.0 = Debug|Any CPU
		{476E20C3-2A7B-4BB4-8AEB-A65BA090D8F2}.Release|Any CPU.ActiveCfg = Release|Any CPU
		{476E20C3-2A7B-4BB4-8AEB-A65BA090D8F2}.Release|Any CPU.Build.0 = Release|Any CPU
	EndGlobalSection
	GlobalSection(SolutionProperties) = preSolution
		HideSolutionNode = FALSE
	EndGlobalSection
	GlobalSection(ExtensibilityGlobals) = postSolution
		SolutionGuid = {CF152A81-9E77-4F9B-B3D9-83AF593946E8}
	EndGlobalSection
EndGlobal
